# This file is automatically @generated by Cargo.
# It is not intended for manual editing.
version = 3

[[package]]
name = "firebolt"
version = "0.1.0"
dependencies = [
 "thunder_rs",
]

[[package]]
name = "thunder_rs"
version = "0.1.0"
source = "git+https://github.com/gladish/rdkservices.git?branch=sprint/2203#29cf27108846f6c538748a6546f7c6389a730bd8"
